
Microsoft Visual Studio Solution File, Format Version 12.00
# Visual Studio Version 17
VisualStudioVersion = 17.5.33502.453
MinimumVisualStudioVersion = 10.0.40219.1
Project("{FAE04EC0-301F-11D3-BF4B-00C04F79EFBC}") = "Ejercicio3", "Ejercicio3\Ejercicio3.csproj", "{32D35FE0-17E9-4768-B183-95D04A9FBDE5}"
EndProject
Global
	GlobalSection(SolutionConfigurationPlatforms) = preSolution
		Debug|Any CPU = Debug|Any CPU
		Release|Any CPU = Release|Any CPU
	EndGlobalSection
	GlobalSection(ProjectConfigurationPlatforms) = postSolution
		{32D35FE0-17E9-4768-B183-95D04A9FBDE5}.Debug|Any CPU.ActiveCfg = Debug|Any CPU
		{32D35FE0-17E9-4768-B183-95D04A9FBDE5}.Debug|Any CPU.Build.0 = Debug|Any CPU
		{32D35FE0-17E9-4768-B183-95D04A9FBDE5}.Release|Any CPU.ActiveCfg = Release|Any CPU
		{32D35FE0-17E9-4768-B183-95D04A9FBDE5}.Release|Any CPU.Build.0 = Release|Any CPU
	EndGlobalSection
	GlobalSection(SolutionProperties) = preSolution
		HideSolutionNode = FALSE
	EndGlobalSection
	GlobalSection(ExtensibilityGlobals) = postSolution
		SolutionGuid = {98060FAE-FEC3-4D32-8993-7FD3B69DA204}
	EndGlobalSection
EndGlobal
