
Microsoft Visual Studio Solution File, Format Version 12.00
# Visual Studio Version 17
VisualStudioVersion = 17.5.33502.453
MinimumVisualStudioVersion = 10.0.40219.1
Project("{FAE04EC0-301F-11D3-BF4B-00C04F79EFBC}") = "Ejercicio14", "Ejercicio14\Ejercicio14.csproj", "{CAC09FCA-7D2F-4DA3-BACA-D067AE3F1B67}"
EndProject
Global
	GlobalSection(SolutionConfigurationPlatforms) = preSolution
		Debug|Any CPU = Debug|Any CPU
		Release|Any CPU = Release|Any CPU
	EndGlobalSection
	GlobalSection(ProjectConfigurationPlatforms) = postSolution
		{CAC09FCA-7D2F-4DA3-BACA-D067AE3F1B67}.Debug|Any CPU.ActiveCfg = Debug|Any CPU
		{CAC09FCA-7D2F-4DA3-BACA-D067AE3F1B67}.Debug|Any CPU.Build.0 = Debug|Any CPU
		{CAC09FCA-7D2F-4DA3-BACA-D067AE3F1B67}.Release|Any CPU.ActiveCfg = Release|Any CPU
		{CAC09FCA-7D2F-4DA3-BACA-D067AE3F1B67}.Release|Any CPU.Build.0 = Release|Any CPU
	EndGlobalSection
	GlobalSection(SolutionProperties) = preSolution
		HideSolutionNode = FALSE
	EndGlobalSection
	GlobalSection(ExtensibilityGlobals) = postSolution
		SolutionGuid = {76188A57-35FB-4834-8788-1D53040BCFCB}
	EndGlobalSection
EndGlobal
