
Microsoft Visual Studio Solution File, Format Version 12.00
# Visual Studio Version 17
VisualStudioVersion = 17.5.33502.453
MinimumVisualStudioVersion = 10.0.40219.1
Project("{FAE04EC0-301F-11D3-BF4B-00C04F79EFBC}") = "Ejercicio4", "Ejercicio4\Ejercicio4.csproj", "{1486E1DD-91D1-4CD1-9014-D2C30B987F95}"
EndProject
Global
	GlobalSection(SolutionConfigurationPlatforms) = preSolution
		Debug|Any CPU = Debug|Any CPU
		Release|Any CPU = Release|Any CPU
	EndGlobalSection
	GlobalSection(ProjectConfigurationPlatforms) = postSolution
		{1486E1DD-91D1-4CD1-9014-D2C30B987F95}.Debug|Any CPU.ActiveCfg = Debug|Any CPU
		{1486E1DD-91D1-4CD1-9014-D2C30B987F95}.Debug|Any CPU.Build.0 = Debug|Any CPU
		{1486E1DD-91D1-4CD1-9014-D2C30B987F95}.Release|Any CPU.ActiveCfg = Release|Any CPU
		{1486E1DD-91D1-4CD1-9014-D2C30B987F95}.Release|Any CPU.Build.0 = Release|Any CPU
	EndGlobalSection
	GlobalSection(SolutionProperties) = preSolution
		HideSolutionNode = FALSE
	EndGlobalSection
	GlobalSection(ExtensibilityGlobals) = postSolution
		SolutionGuid = {B4476B95-4848-461D-A49C-1F4370DF09A3}
	EndGlobalSection
EndGlobal
